
Microsoft Visual Studio Solution File, Format Version 12.00
# Visual Studio 14
VisualStudioVersion = 14.0.23107.0
MinimumVisualStudioVersion = 10.0.40219.1
Project("{FAE04EC0-301F-11D3-BF4B-00C04F79EFBC}") = "ReadAllLibrary", "ReadAllLibrary\ReadAllLibrary.csproj", "{4842F680-EFB9-4A50-960C-10A35FC5A935}"
EndProject
Project("{FAE04EC0-301F-11D3-BF4B-00C04F79EFBC}") = "ReadAllLibrary.Tests", "ReadAllLibrary.Tests\ReadAllLibrary.Tests.csproj", "{3CF03D2C-4B99-4A4C-A017-AE7830F8593F}"
EndProject
Project("{7CF6DF6D-3B04-46F8-A40B-537D21BCA0B4}") = "ReadAllDocs", "ReadAllDocs\ReadAllDocs.shfbproj", "{F33BEA91-D5FF-4C97-9D06-F86C90AECF43}"
EndProject
Global
	GlobalSection(SolutionConfigurationPlatforms) = preSolution
		Debug|Any CPU = Debug|Any CPU
		Release|Any CPU = Release|Any CPU
	EndGlobalSection
	GlobalSection(ProjectConfigurationPlatforms) = postSolution
		{4842F680-EFB9-4A50-960C-10A35FC5A935}.Debug|Any CPU.ActiveCfg = Debug|Any CPU
		{4842F680-EFB9-4A50-960C-10A35FC5A935}.Debug|Any CPU.Build.0 = Debug|Any CPU
		{4842F680-EFB9-4A50-960C-10A35FC5A935}.Release|Any CPU.ActiveCfg = Release|Any CPU
		{4842F680-EFB9-4A50-960C-10A35FC5A935}.Release|Any CPU.Build.0 = Release|Any CPU
		{3CF03D2C-4B99-4A4C-A017-AE7830F8593F}.Debug|Any CPU.ActiveCfg = Debug|Any CPU
		{3CF03D2C-4B99-4A4C-A017-AE7830F8593F}.Debug|Any CPU.Build.0 = Debug|Any CPU
		{3CF03D2C-4B99-4A4C-A017-AE7830F8593F}.Release|Any CPU.ActiveCfg = Release|Any CPU
		{3CF03D2C-4B99-4A4C-A017-AE7830F8593F}.Release|Any CPU.Build.0 = Release|Any CPU
		{F33BEA91-D5FF-4C97-9D06-F86C90AECF43}.Debug|Any CPU.ActiveCfg = Debug|Any CPU
		{F33BEA91-D5FF-4C97-9D06-F86C90AECF43}.Debug|Any CPU.Build.0 = Debug|Any CPU
		{F33BEA91-D5FF-4C97-9D06-F86C90AECF43}.Release|Any CPU.ActiveCfg = Release|Any CPU
		{F33BEA91-D5FF-4C97-9D06-F86C90AECF43}.Release|Any CPU.Build.0 = Release|Any CPU
	EndGlobalSection
	GlobalSection(SolutionProperties) = preSolution
		HideSolutionNode = FALSE
	EndGlobalSection
EndGlobal
